
Microsoft Visual Studio Solution File, Format Version 12.00
# Visual Studio Version 16
VisualStudioVersion = 16.0.31613.86
MinimumVisualStudioVersion = 10.0.40219.1
Project("{8BC9CEB8-8B4A-11D0-8D11-00A0C91BC942}") = "Lab 9", "Lab 9\Lab 9.vcxproj", "{CBB8979A-8B19-49D8-B671-B8785164E68C}"
EndProject
Global
	GlobalSection(SolutionConfigurationPlatforms) = preSolution
		Debug|x64 = Debug|x64
		Debug|x86 = Debug|x86
		Release|x64 = Release|x64
		Release|x86 = Release|x86
	EndGlobalSection
	GlobalSection(ProjectConfigurationPlatforms) = postSolution
		{CBB8979A-8B19-49D8-B671-B8785164E68C}.Debug|x64.ActiveCfg = Debug|x64
		{CBB8979A-8B19-49D8-B671-B8785164E68C}.Debug|x64.Build.0 = Debug|x64
		{CBB8979A-8B19-49D8-B671-B8785164E68C}.Debug|x86.ActiveCfg = Debug|Win32
		{CBB8979A-8B19-49D8-B671-B8785164E68C}.Debug|x86.Build.0 = Debug|Win32
		{CBB8979A-8B19-49D8-B671-B8785164E68C}.Release|x64.ActiveCfg = Release|x64
		{CBB8979A-8B19-49D8-B671-B8785164E68C}.Release|x64.Build.0 = Release|x64
		{CBB8979A-8B19-49D8-B671-B8785164E68C}.Release|x86.ActiveCfg = Release|Win32
		{CBB8979A-8B19-49D8-B671-B8785164E68C}.Release|x86.Build.0 = Release|Win32
	EndGlobalSection
	GlobalSection(SolutionProperties) = preSolution
		HideSolutionNode = FALSE
	EndGlobalSection
	GlobalSection(ExtensibilityGlobals) = postSolution
		SolutionGuid = {742D0AC6-D028-47A1-9BFD-D1DC74B53DBA}
	EndGlobalSection
EndGlobal
