
Microsoft Visual Studio Solution File, Format Version 12.00
# Visual Studio Version 16
VisualStudioVersion = 16.0.31613.86
MinimumVisualStudioVersion = 10.0.40219.1
Project("{8BC9CEB8-8B4A-11D0-8D11-00A0C91BC942}") = "Tower of Hanoi", "Tower of Hanoi\Tower of Hanoi.vcxproj", "{0F536206-5FA4-45B3-A429-6A31565F0818}"
EndProject
Global
	GlobalSection(SolutionConfigurationPlatforms) = preSolution
		Debug|x64 = Debug|x64
		Debug|x86 = Debug|x86
		Release|x64 = Release|x64
		Release|x86 = Release|x86
	EndGlobalSection
	GlobalSection(ProjectConfigurationPlatforms) = postSolution
		{0F536206-5FA4-45B3-A429-6A31565F0818}.Debug|x64.ActiveCfg = Debug|x64
		{0F536206-5FA4-45B3-A429-6A31565F0818}.Debug|x64.Build.0 = Debug|x64
		{0F536206-5FA4-45B3-A429-6A31565F0818}.Debug|x86.ActiveCfg = Debug|Win32
		{0F536206-5FA4-45B3-A429-6A31565F0818}.Debug|x86.Build.0 = Debug|Win32
		{0F536206-5FA4-45B3-A429-6A31565F0818}.Release|x64.ActiveCfg = Release|x64
		{0F536206-5FA4-45B3-A429-6A31565F0818}.Release|x64.Build.0 = Release|x64
		{0F536206-5FA4-45B3-A429-6A31565F0818}.Release|x86.ActiveCfg = Release|Win32
		{0F536206-5FA4-45B3-A429-6A31565F0818}.Release|x86.Build.0 = Release|Win32
	EndGlobalSection
	GlobalSection(SolutionProperties) = preSolution
		HideSolutionNode = FALSE
	EndGlobalSection
	GlobalSection(ExtensibilityGlobals) = postSolution
		SolutionGuid = {534B5FE2-CD4E-4A94-AEDF-7F396AE60CB5}
	EndGlobalSection
EndGlobal
