
Microsoft Visual Studio Solution File, Format Version 12.00
# Visual Studio Version 16
VisualStudioVersion = 16.0.31613.86
MinimumVisualStudioVersion = 10.0.40219.1
Project("{8BC9CEB8-8B4A-11D0-8D11-00A0C91BC942}") = "Classes 2", "Classes 2\Classes 2.vcxproj", "{57675FB2-97B9-438E-B995-FA2DB6F43D48}"
EndProject
Global
	GlobalSection(SolutionConfigurationPlatforms) = preSolution
		Debug|x64 = Debug|x64
		Debug|x86 = Debug|x86
		Release|x64 = Release|x64
		Release|x86 = Release|x86
	EndGlobalSection
	GlobalSection(ProjectConfigurationPlatforms) = postSolution
		{57675FB2-97B9-438E-B995-FA2DB6F43D48}.Debug|x64.ActiveCfg = Debug|x64
		{57675FB2-97B9-438E-B995-FA2DB6F43D48}.Debug|x64.Build.0 = Debug|x64
		{57675FB2-97B9-438E-B995-FA2DB6F43D48}.Debug|x86.ActiveCfg = Debug|Win32
		{57675FB2-97B9-438E-B995-FA2DB6F43D48}.Debug|x86.Build.0 = Debug|Win32
		{57675FB2-97B9-438E-B995-FA2DB6F43D48}.Release|x64.ActiveCfg = Release|x64
		{57675FB2-97B9-438E-B995-FA2DB6F43D48}.Release|x64.Build.0 = Release|x64
		{57675FB2-97B9-438E-B995-FA2DB6F43D48}.Release|x86.ActiveCfg = Release|Win32
		{57675FB2-97B9-438E-B995-FA2DB6F43D48}.Release|x86.Build.0 = Release|Win32
	EndGlobalSection
	GlobalSection(SolutionProperties) = preSolution
		HideSolutionNode = FALSE
	EndGlobalSection
	GlobalSection(ExtensibilityGlobals) = postSolution
		SolutionGuid = {9A7D6C09-CBDE-4D44-939A-8334928EE986}
	EndGlobalSection
EndGlobal
